{
  "name": "leaflet-storage",
  "version": "0.8.2",
  "lockfileVersion": 1,
  "requires": true,
  "dependencies": {
    "jquery": {
      "version": "3.3.1",
      "resolved": "https://registry.npmjs.org/jquery/-/jquery-3.3.1.tgz",
      "integrity": "sha512-Ubldcmxp5np52/ENotGxlLe6aGMvmF4R8S6tZjsP6Knsaxd/xp3Zrh50cG93lR6nPXyUFwzN3ZSOQI0wRJNdGg=="
    },
    "jstree": {
      "version": "3.3.5",
      "resolved": "https://registry.npmjs.org/jstree/-/jstree-3.3.5.tgz",
      "integrity": "sha1-nFeNsy0KZDd1zd2AIK1ZkvQRnBM=",
      "requires": {
        "jquery": "3.3.1"
      }
    },
    "jstree-bootstrap-theme": {
      "version": "1.0.1",
      "resolved": "https://registry.npmjs.org/jstree-bootstrap-theme/-/jstree-bootstrap-theme-1.0.1.tgz",
      "integrity": "sha1-fV7cc6hG6Np/lPV6HMXd7p2eq0s=",
      "requires": {
        "jquery": "3.3.1"
      }
    }
  }
}
